// !$*UTF8*$!
{
	archiveVersion = 1;
	classes = {
	};
	objectVersion = 56;
	objects = {

/* Begin PBXBuildFile section */
		EC6E3A7529F7961700801CE0 /* NewViewController.swift in Sources */ = {isa = PBXBuildFile; fileRef = EC6E3A7429F7961700801CE0 /* NewViewController.swift */; };
		EC933F9829F6956900D1C753 /* AppDelegate.swift in Sources */ = {isa = PBXBuildFile; fileRef = EC933F9729F6956900D1C753 /* AppDelegate.swift */; };
		EC933F9A29F6956900D1C753 /* SceneDelegate.swift in Sources */ = {isa = PBXBuildFile; fileRef = EC933F9929F6956900D1C753 /* SceneDelegate.swift */; };
		EC933F9C29F6956900D1C753 /* ViewController.swift in Sources */ = {isa = PBXBuildFile; fileRef = EC933F9B29F6956900D1C753 /* ViewController.swift */; };
		EC933F9F29F6956900D1C753 /* Main.storyboard in Resources */ = {isa = PBXBuildFile; fileRef = EC933F9D29F6956900D1C753 /* Main.storyboard */; };
		EC933FA129F6956A00D1C753 /* Assets.xcassets in Resources */ = {isa = PBXBuildFile; fileRef = EC933FA029F6956A00D1C753 /* Assets.xcassets */; };
		EC933FA429F6956A00D1C753 /* LaunchScreen.storyboard in Resources */ = {isa = PBXBuildFile; fileRef = EC933FA229F6956A00D1C753 /* LaunchScreen.storyboard */; };
		EC933FAF29F6956A00D1C753 /* NavigationControllerTests.swift in Sources */ = {isa = PBXBuildFile; fileRef = EC933FAE29F6956A00D1C753 /* NavigationControllerTests.swift */; };
		EC933FB929F6956B00D1C753 /* NavigationControllerUITests.swift in Sources */ = {isa = PBXBuildFile; fileRef = EC933FB829F6956B00D1C753 /* NavigationControllerUITests.swift */; };
		EC933FBB29F6956B00D1C753 /* NavigationControllerUITestsLaunchTests.swift in Sources */ = {isa = PBXBuildFile; fileRef = EC933FBA29F6956B00D1C753 /* NavigationControllerUITestsLaunchTests.swift */; };
		EC933FC829F695DD00D1C753 /* ResetViewController.swift in Sources */ = {isa = PBXBuildFile; fileRef = EC933FC729F695DD00D1C753 /* ResetViewController.swift */; };
		EC933FCA29F699CD00D1C753 /* buttonViewController.swift in Sources */ = {isa = PBXBuildFile; fileRef = EC933FC929F699CD00D1C753 /* buttonViewController.swift */; };
/* End PBXBuildFile section */

/* Begin PBXContainerItemProxy section */
		EC933FAB29F6956A00D1C753 /* PBXContainerItemProxy */ = {
			isa = PBXContainerItemProxy;
			containerPortal = EC933F8C29F6956900D1C753 /* Project object */;
			proxyType = 1;
			remoteGlobalIDString = EC933F9329F6956900D1C753;
			remoteInfo = NavigationController;
		};
		EC933FB529F6956B00D1C753 /* PBXContainerItemProxy */ = {
			isa = PBXContainerItemProxy;
			containerPortal = EC933F8C29F6956900D1C753 /* Project object */;
			proxyType = 1;
			remoteGlobalIDString = EC933F9329F6956900D1C753;
			remoteInfo = NavigationController;
		};
/* End PBXContainerItemProxy section */

/* Begin PBXFileReference section */
		EC6E3A7429F7961700801CE0 /* NewViewController.swift */ = {isa = PBXFileReference; lastKnownFileType = sourcecode.swift; path = NewViewController.swift; sourceTree = "<group>"; };
		EC933F9429F6956900D1C753 /* NavigationController.app */ = {isa = PBXFileReference; explicitFileType = wrapper.application; includeInIndex = 0; path = NavigationController.app; sourceTree = BUILT_PRODUCTS_DIR; };
		EC933F9729F6956900D1C753 /* AppDelegate.swift */ = {isa = PBXFileReference; lastKnownFileType = sourcecode.swift; path = AppDelegate.swift; sourceTree = "<group>"; };
		EC933F9929F6956900D1C753 /* SceneDelegate.swift */ = {isa = PBXFileReference; lastKnownFileType = sourcecode.swift; path = SceneDelegate.swift; sourceTree = "<group>"; };
		EC933F9B29F6956900D1C753 /* ViewController.swift */ = {isa = PBXFileReference; lastKnownFileType = sourcecode.swift; path = ViewController.swift; sourceTree = "<group>"; };
		EC933F9E29F6956900D1C753 /* Base */ = {isa = PBXFileReference; lastKnownFileType = file.storyboard; name = Base; path = Base.lproj/Main.storyboard; sourceTree = "<group>"; };
		EC933FA029F6956A00D1C753 /* Assets.xcassets */ = {isa = PBXFileReference; lastKnownFileType = folder.assetcatalog; path = Assets.xcassets; sourceTree = "<group>"; };
		EC933FA329F6956A00D1C753 /* Base */ = {isa = PBXFileReference; lastKnownFileType = file.storyboard; name = Base; path = Base.lproj/LaunchScreen.storyboard; sourceTree = "<group>"; };
		EC933FA529F6956A00D1C753 /* Info.plist */ = {isa = PBXFileReference; lastKnownFileType = text.plist.xml; path = Info.plist; sourceTree = "<group>"; };
		EC933FAA29F6956A00D1C753 /* NavigationControllerTests.xctest */ = {isa = PBXFileReference; explicitFileType = wrapper.cfbundle; includeInIndex = 0; path = NavigationControllerTests.xctest; sourceTree = BUILT_PRODUCTS_DIR; };
		EC933FAE29F6956A00D1C753 /* NavigationControllerTests.swift */ = {isa = PBXFileReference; lastKnownFileType = sourcecode.swift; path = NavigationControllerTests.swift; sourceTree = "<group>"; };
		EC933FB429F6956B00D1C753 /* NavigationControllerUITests.xctest */ = {isa = PBXFileReference; explicitFileType = wrapper.cfbundle; includeInIndex = 0; path = NavigationControllerUITests.xctest; sourceTree = BUILT_PRODUCTS_DIR; };
		EC933FB829F6956B00D1C753 /* NavigationControllerUITests.swift */ = {isa = PBXFileReference; lastKnownFileType = sourcecode.swift; path = NavigationControllerUITests.swift; sourceTree = "<group>"; };
		EC933FBA29F6956B00D1C753 /* NavigationControllerUITestsLaunchTests.swift */ = {isa = PBXFileReference; lastKnownFileType = sourcecode.swift; path = NavigationControllerUITestsLaunchTests.swift; sourceTree = "<group>"; };
		EC933FC729F695DD00D1C753 /* ResetViewController.swift */ = {isa = PBXFileReference; lastKnownFileType = sourcecode.swift; path = ResetViewController.swift; sourceTree = "<group>"; };
		EC933FC929F699CD00D1C753 /* buttonViewController.swift */ = {isa = PBXFileReference; lastKnownFileType = sourcecode.swift; path = buttonViewController.swift; sourceTree = "<group>"; };
/* End PBXFileReference section */

/* Begin PBXFrameworksBuildPhase section */
		EC933F9129F6956900D1C753 /* Frameworks */ = {
			isa = PBXFrameworksBuildPhase;
			buildActionMask = 2147483647;
			files = (
			);
			runOnlyForDeploymentPostprocessing = 0;
		};
		EC933FA729F6956A00D1C753 /* Frameworks */ = {
			isa = PBXFrameworksBuildPhase;
			buildActionMask = 2147483647;
			files = (
			);
			runOnlyForDeploymentPostprocessing = 0;
		};
		EC933FB129F6956B00D1C753 /* Frameworks */ = {
			isa = PBXFrameworksBuildPhase;
			buildActionMask = 2147483647;
			files = (
			);
			runOnlyForDeploymentPostprocessing = 0;
		};
/* End PBXFrameworksBuildPhase section */

/* Begin PBXGroup section */
		EC933F8B29F6956900D1C753 = {
			isa = PBXGroup;
			children = (
				EC933F9629F6956900D1C753 /* NavigationController */,
				EC933FAD29F6956A00D1C753 /* NavigationControllerTests */,
				EC933FB729F6956B00D1C753 /* NavigationControllerUITests */,
				EC933F9529F6956900D1C753 /* Products */,
			);
			sourceTree = "<group>";
		};
		EC933F9529F6956900D1C753 /* Products */ = {
			isa = PBXGroup;
			children = (
				EC933F9429F6956900D1C753 /* NavigationController.app */,
				EC933FAA29F6956A00D1C753 /* NavigationControllerTests.xctest */,
				EC933FB429F6956B00D1C753 /* NavigationControllerUITests.xctest */,
			);
			name = Products;
			sourceTree = "<group>";
		};
		EC933F9629F6956900D1C753 /* NavigationController */ = {
			isa = PBXGroup;
			children = (
				EC933F9729F6956900D1C753 /* AppDelegate.swift */,
				EC933F9929F6956900D1C753 /* SceneDelegate.swift */,
				EC933F9B29F6956900D1C753 /* ViewController.swift */,
				EC933F9D29F6956900D1C753 /* Main.storyboard */,
				EC933FC929F699CD00D1C753 /* buttonViewController.swift */,
				EC933FC729F695DD00D1C753 /* ResetViewController.swift */,
				EC933FA029F6956A00D1C753 /* Assets.xcassets */,
				EC933FA229F6956A00D1C753 /* LaunchScreen.storyboard */,
				EC933FA529F6956A00D1C753 /* Info.plist */,
				EC6E3A7429F7961700801CE0 /* NewViewController.swift */,
			);
			path = NavigationController;
			sourceTree = "<group>";
		};
		EC933FAD29F6956A00D1C753 /* NavigationControllerTests */ = {
			isa = PBXGroup;
			children = (
				EC933FAE29F6956A00D1C753 /* NavigationControllerTests.swift */,
			);
			path = NavigationControllerTests;
			sourceTree = "<group>";
		};
		EC933FB729F6956B00D1C753 /* NavigationControllerUITests */ = {
			isa = PBXGroup;
			children = (
				EC933FB829F6956B00D1C753 /* NavigationControllerUITests.swift */,
				EC933FBA29F6956B00D1C753 /* NavigationControllerUITestsLaunchTests.swift */,
			);
			path = NavigationControllerUITests;
			sourceTree = "<group>";
		};
/* End PBXGroup section */

/* Begin PBXNativeTarget section */
		EC933F9329F6956900D1C753 /* NavigationController */ = {
			isa = PBXNativeTarget;
			buildConfigurationList = EC933FBE29F6956B00D1C753 /* Build configuration list for PBXNativeTarget "NavigationController" */;
			buildPhases = (
				EC933F9029F6956900D1C753 /* Sources */,
				EC933F9129F6956900D1C753 /* Frameworks */,
				EC933F9229F6956900D1C753 /* Resources */,
			);
			buildRules = (
			);
			dependencies = (
			);
			name = NavigationController;
			productName = NavigationController;
			productReference = EC933F9429F6956900D1C753 /* NavigationController.app */;
			productType = "com.apple.product-type.application";
		};
		EC933FA929F6956A00D1C753 /* NavigationControllerTests */ = {
			isa = PBXNativeTarget;
			buildConfigurationList = EC933FC129F6956B00D1C753 /* Build configuration list for PBXNativeTarget "NavigationControllerTests" */;
			buildPhases = (
				EC933FA629F6956A00D1C753 /* Sources */,
				EC933FA729F6956A00D1C753 /* Frameworks */,
				EC933FA829F6956A00D1C753 /* Resources */,
			);
			buildRules = (
			);
			dependencies = (
				EC933FAC29F6956A00D1C753 /* PBXTargetDependency */,
			);
			name = NavigationControllerTests;
			productName = NavigationControllerTests;
			productReference = EC933FAA29F6956A00D1C753 /* NavigationControllerTests.xctest */;
			productType = "com.apple.product-type.bundle.unit-test";
		};
		EC933FB329F6956B00D1C753 /* NavigationControllerUITests */ = {
			isa = PBXNativeTarget;
			buildConfigurationList = EC933FC429F6956B00D1C753 /* Build configuration list for PBXNativeTarget "NavigationControllerUITests" */;
			buildPhases = (
				EC933FB029F6956B00D1C753 /* Sources */,
				EC933FB129F6956B00D1C753 /* Frameworks */,
				EC933FB229F6956B00D1C753 /* Resources */,
			);
			buildRules = (
			);
			dependencies = (
				EC933FB629F6956B00D1C753 /* PBXTargetDependency */,
			);
			name = NavigationControllerUITests;
			productName = NavigationControllerUITests;
			productReference = EC933FB429F6956B00D1C753 /* NavigationControllerUITests.xctest */;
			productType = "com.apple.product-type.bundle.ui-testing";
		};
/* End PBXNativeTarget section */

/* Begin PBXProject section */
		EC933F8C29F6956900D1C753 /* Project object */ = {
			isa = PBXProject;
			attributes = {
				BuildIndependentTargetsInParallel = 1;
				LastSwiftUpdateCheck = 1410;
				LastUpgradeCheck = 1410;
				TargetAttributes = {
					EC933F9329F6956900D1C753 = {
						CreatedOnToolsVersion = 14.1;
					};
					EC933FA929F6956A00D1C753 = {
						CreatedOnToolsVersion = 14.1;
						TestTargetID = EC933F9329F6956900D1C753;
					};
					EC933FB329F6956B00D1C753 = {
						CreatedOnToolsVersion = 14.1;
						TestTargetID = EC933F9329F6956900D1C753;
					};
				};
			};
			buildConfigurationList = EC933F8F29F6956900D1C753 /* Build configuration list for PBXProject "NavigationController" */;
			compatibilityVersion = "Xcode 14.0";
			developmentRegion = en;
			hasScannedForEncodings = 0;
			knownRegions = (
				en,
				Base,
			);
			mainGroup = EC933F8B29F6956900D1C753;
			productRefGroup = EC933F9529F6956900D1C753 /* Products */;
			projectDirPath = "";
			projectRoot = "";
			targets = (
				EC933F9329F6956900D1C753 /* NavigationController */,
				EC933FA929F6956A00D1C753 /* NavigationControllerTests */,
				EC933FB329F6956B00D1C753 /* NavigationControllerUITests */,
			);
		};
/* End PBXProject section */

/* Begin PBXResourcesBuildPhase section */
		EC933F9229F6956900D1C753 /* Resources */ = {
			isa = PBXResourcesBuildPhase;
			buildActionMask = 2147483647;
			files = (
				EC933FA429F6956A00D1C753 /* LaunchScreen.storyboard in Resources */,
				EC933FA129F6956A00D1C753 /* Assets.xcassets in Resources */,
				EC933F9F29F6956900D1C753 /* Main.storyboard in Resources */,
			);
			runOnlyForDeploymentPostprocessing = 0;
		};
		EC933FA829F6956A00D1C753 /* Resources */ = {
			isa = PBXResourcesBuildPhase;
			buildActionMask = 2147483647;
			files = (
			);
			runOnlyForDeploymentPostprocessing = 0;
		};
		EC933FB229F6956B00D1C753 /* Resources */ = {
			isa = PBXResourcesBuildPhase;
			buildActionMask = 2147483647;
			files = (
			);
			runOnlyForDeploymentPostprocessing = 0;
		};
/* End PBXResourcesBuildPhase section */

/* Begin PBXSourcesBuildPhase section */
		EC933F9029F6956900D1C753 /* Sources */ = {
			isa = PBXSourcesBuildPhase;
			buildActionMask = 2147483647;
			files = (
				EC933F9C29F6956900D1C753 /* ViewController.swift in Sources */,
				EC933F9829F6956900D1C753 /* AppDelegate.swift in Sources */,
				EC933FC829F695DD00D1C753 /* ResetViewController.swift in Sources */,
				EC6E3A7529F7961700801CE0 /* NewViewController.swift in Sources */,
				EC933F9A29F6956900D1C753 /* SceneDelegate.swift in Sources */,
				EC933FCA29F699CD00D1C753 /* buttonViewController.swift in Sources */,
			);
			runOnlyForDeploymentPostprocessing = 0;
		};
		EC933FA629F6956A00D1C753 /* Sources */ = {
			isa = PBXSourcesBuildPhase;
			buildActionMask = 2147483647;
			files = (
				EC933FAF29F6956A00D1C753 /* NavigationControllerTests.swift in Sources */,
			);
			runOnlyForDeploymentPostprocessing = 0;
		};
		EC933FB029F6956B00D1C753 /* Sources */ = {
			isa = PBXSourcesBuildPhase;
			buildActionMask = 2147483647;
			files = (
				EC933FBB29F6956B00D1C753 /* NavigationControllerUITestsLaunchTests.swift in Sources */,
				EC933FB929F6956B00D1C753 /* NavigationControllerUITests.swift in Sources */,
			);
			runOnlyForDeploymentPostprocessing = 0;
		};
/* End PBXSourcesBuildPhase section */

/* Begin PBXTargetDependency section */
		EC933FAC29F6956A00D1C753 /* PBXTargetDependency */ = {
			isa = PBXTargetDependency;
			target = EC933F9329F6956900D1C753 /* NavigationController */;
			targetProxy = EC933FAB29F6956A00D1C753 /* PBXContainerItemProxy */;
		};
		EC933FB629F6956B00D1C753 /* PBXTargetDependency */ = {
			isa = PBXTargetDependency;
			target = EC933F9329F6956900D1C753 /* NavigationController */;
			targetProxy = EC933FB529F6956B00D1C753 /* PBXContainerItemProxy */;
		};
/* End PBXTargetDependency section */

/* Begin PBXVariantGroup section */
		EC933F9D29F6956900D1C753 /* Main.storyboard */ = {
			isa = PBXVariantGroup;
			children = (
				EC933F9E29F6956900D1C753 /* Base */,
			);
			name = Main.storyboard;
			sourceTree = "<group>";
		};
		EC933FA229F6956A00D1C753 /* LaunchScreen.storyboard */ = {
			isa = PBXVariantGroup;
			children = (
				EC933FA329F6956A00D1C753 /* Base */,
			);
			name = LaunchScreen.storyboard;
			sourceTree = "<group>";
		};
/* End PBXVariantGroup section */

/* Begin XCBuildConfiguration section */
		EC933FBC29F6956B00D1C753 /* Debug */ = {
			isa = XCBuildConfiguration;
			buildSettings = {
				ALWAYS_SEARCH_USER_PATHS = NO;
				CLANG_ANALYZER_NONNULL = YES;
				CLANG_ANALYZER_NUMBER_OBJECT_CONVERSION = YES_AGGRESSIVE;
				CLANG_CXX_LANGUAGE_STANDARD = "gnu++20";
				CLANG_ENABLE_MODULES = YES;
				CLANG_ENABLE_OBJC_ARC = YES;
				CLANG_ENABLE_OBJC_WEAK = YES;
				CLANG_WARN_BLOCK_CAPTURE_AUTORELEASING = YES;
				CLANG_WARN_BOOL_CONVERSION = YES;
				CLANG_WARN_COMMA = YES;
				CLANG_WARN_CONSTANT_CONVERSION = YES;
				CLANG_WARN_DEPRECATED_OBJC_IMPLEMENTATIONS = YES;
				CLANG_WARN_DIRECT_OBJC_ISA_USAGE = YES_ERROR;
				CLANG_WARN_DOCUMENTATION_COMMENTS = YES;
				CLANG_WARN_EMPTY_BODY = YES;
				CLANG_WARN_ENUM_CONVERSION = YES;
				CLANG_WARN_INFINITE_RECURSION = YES;
				CLANG_WARN_INT_CONVERSION = YES;
				CLANG_WARN_NON_LITERAL_NULL_CONVERSION = YES;
				CLANG_WARN_OBJC_IMPLICIT_RETAIN_SELF = YES;
				CLANG_WARN_OBJC_LITERAL_CONVERSION = YES;
				CLANG_WARN_OBJC_ROOT_CLASS = YES_ERROR;
				CLANG_WARN_QUOTED_INCLUDE_IN_FRAMEWORK_HEADER = YES;
				CLANG_WARN_RANGE_LOOP_ANALYSIS = YES;
				CLANG_WARN_STRICT_PROTOTYPES = YES;
				CLANG_WARN_SUSPICIOUS_MOVE = YES;
				CLANG_WARN_UNGUARDED_AVAILABILITY = YES_AGGRESSIVE;
				CLANG_WARN_UNREACHABLE_CODE = YES;
				CLANG_WARN__DUPLICATE_METHOD_MATCH = YES;
				COPY_PHASE_STRIP = NO;
				DEBUG_INFORMATION_FORMAT = dwarf;
				ENABLE_STRICT_OBJC_MSGSEND = YES;
				ENABLE_TESTABILITY = YES;
				GCC_C_LANGUAGE_STANDARD = gnu11;
				GCC_DYNAMIC_NO_PIC = NO;
				GCC_NO_COMMON_BLOCKS = YES;
				GCC_OPTIMIZATION_LEVEL = 0;
				GCC_PREPROCESSOR_DEFINITIONS = (
					"DEBUG=1",
					"$(inherited)",
				);
				GCC_WARN_64_TO_32_BIT_CONVERSION = YES;
				GCC_WARN_ABOUT_RETURN_TYPE = YES_ERROR;
				GCC_WARN_UNDECLARED_SELECTOR = YES;
				GCC_WARN_UNINITIALIZED_AUTOS = YES_AGGRESSIVE;
				GCC_WARN_UNUSED_FUNCTION = YES;
				GCC_WARN_UNUSED_VARIABLE = YES;
				IPHONEOS_DEPLOYMENT_TARGET = 16.1;
				MTL_ENABLE_DEBUG_INFO = INCLUDE_SOURCE;
				MTL_FAST_MATH = YES;
				ONLY_ACTIVE_ARCH = YES;
				SDKROOT = iphoneos;
				SWIFT_ACTIVE_COMPILATION_CONDITIONS = DEBUG;
				SWIFT_OPTIMIZATION_LEVEL = "-Onone";
			};
			name = Debug;
		};
		EC933FBD29F6956B00D1C753 /* Release */ = {
			isa = XCBuildConfiguration;
			buildSettings = {
				ALWAYS_SEARCH_USER_PATHS = NO;
				CLANG_ANALYZER_NONNULL = YES;
				CLANG_ANALYZER_NUMBER_OBJECT_CONVERSION = YES_AGGRESSIVE;
				CLANG_CXX_LANGUAGE_STANDARD = "gnu++20";
				CLANG_ENABLE_MODULES = YES;
				CLANG_ENABLE_OBJC_ARC = YES;
				CLANG_ENABLE_OBJC_WEAK = YES;
				CLANG_WARN_BLOCK_CAPTURE_AUTORELEASING = YES;
				CLANG_WARN_BOOL_CONVERSION = YES;
				CLANG_WARN_COMMA = YES;
				CLANG_WARN_CONSTANT_CONVERSION = YES;
				CLANG_WARN_DEPRECATED_OBJC_IMPLEMENTATIONS = YES;
				CLANG_WARN_DIRECT_OBJC_ISA_USAGE = YES_ERROR;
				CLANG_WARN_DOCUMENTATION_COMMENTS = YES;
				CLANG_WARN_EMPTY_BODY = YES;
				CLANG_WARN_ENUM_CONVERSION = YES;
				CLANG_WARN_INFINITE_RECURSION = YES;
				CLANG_WARN_INT_CONVERSION = YES;
				CLANG_WARN_NON_LITERAL_NULL_CONVERSION = YES;
				CLANG_WARN_OBJC_IMPLICIT_RETAIN_SELF = YES;
				CLANG_WARN_OBJC_LITERAL_CONVERSION = YES;
				CLANG_WARN_OBJC_ROOT_CLASS = YES_ERROR;
				CLANG_WARN_QUOTED_INCLUDE_IN_FRAMEWORK_HEADER = YES;
				CLANG_WARN_RANGE_LOOP_ANALYSIS = YES;
				CLANG_WARN_STRICT_PROTOTYPES = YES;
				CLANG_WARN_SUSPICIOUS_MOVE = YES;
				CLANG_WARN_UNGUARDED_AVAILABILITY = YES_AGGRESSIVE;
				CLANG_WARN_UNREACHABLE_CODE = YES;
				CLANG_WARN__DUPLICATE_METHOD_MATCH = YES;
				COPY_PHASE_STRIP = NO;
				DEBUG_INFORMATION_FORMAT = "dwarf-with-dsym";
				ENABLE_NS_ASSERTIONS = NO;
				ENABLE_STRICT_OBJC_MSGSEND = YES;
				GCC_C_LANGUAGE_STANDARD = gnu11;
				GCC_NO_COMMON_BLOCKS = YES;
				GCC_WARN_64_TO_32_BIT_CONVERSION = YES;
				GCC_WARN_ABOUT_RETURN_TYPE = YES_ERROR;
				GCC_WARN_UNDECLARED_SELECTOR = YES;
				GCC_WARN_UNINITIALIZED_AUTOS = YES_AGGRESSIVE;
				GCC_WARN_UNUSED_FUNCTION = YES;
				GCC_WARN_UNUSED_VARIABLE = YES;
				IPHONEOS_DEPLOYMENT_TARGET = 16.1;
				MTL_ENABLE_DEBUG_INFO = NO;
				MTL_FAST_MATH = YES;
				SDKROOT = iphoneos;
				SWIFT_COMPILATION_MODE = wholemodule;
				SWIFT_OPTIMIZATION_LEVEL = "-O";
				VALIDATE_PRODUCT = YES;
			};
			name = Release;
		};
		EC933FBF29F6956B00D1C753 /* Debug */ = {
			isa = XCBuildConfiguration;
			buildSettings = {
				ASSETCATALOG_COMPILER_APPICON_NAME = AppIcon;
				ASSETCATALOG_COMPILER_GLOBAL_ACCENT_COLOR_NAME = AccentColor;
				CODE_SIGN_STYLE = Automatic;
				CURRENT_PROJECT_VERSION = 1;
				GENERATE_INFOPLIST_FILE = YES;
				INFOPLIST_FILE = NavigationController/Info.plist;
				INFOPLIST_KEY_UIApplicationSupportsIndirectInputEvents = YES;
				INFOPLIST_KEY_UILaunchStoryboardName = LaunchScreen;
				INFOPLIST_KEY_UIMainStoryboardFile = Main;
				INFOPLIST_KEY_UISupportedInterfaceOrientations_iPad = "UIInterfaceOrientationPortrait UIInterfaceOrientationPortraitUpsideDown UIInterfaceOrientationLandscapeLeft UIInterfaceOrientationLandscapeRight";
				INFOPLIST_KEY_UISupportedInterfaceOrientations_iPhone = "UIInterfaceOrientationPortrait UIInterfaceOrientationLandscapeLeft UIInterfaceOrientationLandscapeRight";
				LD_RUNPATH_SEARCH_PATHS = (
					"$(inherited)",
					"@executable_path/Frameworks",
				);
				MARKETING_VERSION = 1.0;
				PRODUCT_BUNDLE_IDENTIFIER = com.FirstProject.NavigationController;
				PRODUCT_NAME = "$(TARGET_NAME)";
				SWIFT_EMIT_LOC_STRINGS = YES;
				SWIFT_VERSION = 5.0;
				TARGETED_DEVICE_FAMILY = "1,2";
			};
			name = Debug;
		};
		EC933FC029F6956B00D1C753 /* Release */ = {
			isa = XCBuildConfiguration;
			buildSettings = {
				ASSETCATALOG_COMPILER_APPICON_NAME = AppIcon;
				ASSETCATALOG_COMPILER_GLOBAL_ACCENT_COLOR_NAME = AccentColor;
				CODE_SIGN_STYLE = Automatic;
				CURRENT_PROJECT_VERSION = 1;
				GENERATE_INFOPLIST_FILE = YES;
				INFOPLIST_FILE = NavigationController/Info.plist;
				INFOPLIST_KEY_UIApplicationSupportsIndirectInputEvents = YES;
				INFOPLIST_KEY_UILaunchStoryboardName = LaunchScreen;
				INFOPLIST_KEY_UIMainStoryboardFile = Main;
				INFOPLIST_KEY_UISupportedInterfaceOrientations_iPad = "UIInterfaceOrientationPortrait UIInterfaceOrientationPortraitUpsideDown UIInterfaceOrientationLandscapeLeft UIInterfaceOrientationLandscapeRight";
				INFOPLIST_KEY_UISupportedInterfaceOrientations_iPhone = "UIInterfaceOrientationPortrait UIInterfaceOrientationLandscapeLeft UIInterfaceOrientationLandscapeRight";
				LD_RUNPATH_SEARCH_PATHS = (
					"$(inherited)",
					"@executable_path/Frameworks",
				);
				MARKETING_VERSION = 1.0;
				PRODUCT_BUNDLE_IDENTIFIER = com.FirstProject.NavigationController;
				PRODUCT_NAME = "$(TARGET_NAME)";
				SWIFT_EMIT_LOC_STRINGS = YES;
				SWIFT_VERSION = 5.0;
				TARGETED_DEVICE_FAMILY = "1,2";
			};
			name = Release;
		};
		EC933FC229F6956B00D1C753 /* Debug */ = {
			isa = XCBuildConfiguration;
			buildSettings = {
				ALWAYS_EMBED_SWIFT_STANDARD_LIBRARIES = YES;
				BUNDLE_LOADER = "$(TEST_HOST)";
				CODE_SIGN_STYLE = Automatic;
				CURRENT_PROJECT_VERSION = 1;
				GENERATE_INFOPLIST_FILE = YES;
				IPHONEOS_DEPLOYMENT_TARGET = 16.1;
				MARKETING_VERSION = 1.0;
				PRODUCT_BUNDLE_IDENTIFIER = com.FirstProject.NavigationControllerTests;
				PRODUCT_NAME = "$(TARGET_NAME)";
				SWIFT_EMIT_LOC_STRINGS = NO;
				SWIFT_VERSION = 5.0;
				TARGETED_DEVICE_FAMILY = "1,2";
				TEST_HOST = "$(BUILT_PRODUCTS_DIR)/NavigationController.app/$(BUNDLE_EXECUTABLE_FOLDER_PATH)/NavigationController";
			};
			name = Debug;
		};
		EC933FC329F6956B00D1C753 /* Release */ = {
			isa = XCBuildConfiguration;
			buildSettings = {
				ALWAYS_EMBED_SWIFT_STANDARD_LIBRARIES = YES;
				BUNDLE_LOADER = "$(TEST_HOST)";
				CODE_SIGN_STYLE = Automatic;
				CURRENT_PROJECT_VERSION = 1;
				GENERATE_INFOPLIST_FILE = YES;
				IPHONEOS_DEPLOYMENT_TARGET = 16.1;
				MARKETING_VERSION = 1.0;
				PRODUCT_BUNDLE_IDENTIFIER = com.FirstProject.NavigationControllerTests;
				PRODUCT_NAME = "$(TARGET_NAME)";
				SWIFT_EMIT_LOC_STRINGS = NO;
				SWIFT_VERSION = 5.0;
				TARGETED_DEVICE_FAMILY = "1,2";
				TEST_HOST = "$(BUILT_PRODUCTS_DIR)/NavigationController.app/$(BUNDLE_EXECUTABLE_FOLDER_PATH)/NavigationController";
			};
			name = Release;
		};
		EC933FC529F6956B00D1C753 /* Debug */ = {
			isa = XCBuildConfiguration;
			buildSettings = {
				ALWAYS_EMBED_SWIFT_STANDARD_LIBRARIES = YES;
				CODE_SIGN_STYLE = Automatic;
				CURRENT_PROJECT_VERSION = 1;
				GENERATE_INFOPLIST_FILE = YES;
				MARKETING_VERSION = 1.0;
				PRODUCT_BUNDLE_IDENTIFIER = com.FirstProject.NavigationControllerUITests;
				PRODUCT_NAME = "$(TARGET_NAME)";
				SWIFT_EMIT_LOC_STRINGS = NO;
				SWIFT_VERSION = 5.0;
				TARGETED_DEVICE_FAMILY = "1,2";
				TEST_TARGET_NAME = NavigationController;
			};
			name = Debug;
		};
		EC933FC629F6956B00D1C753 /* Release */ = {
			isa = XCBuildConfiguration;
			buildSettings = {
				ALWAYS_EMBED_SWIFT_STANDARD_LIBRARIES = YES;
				CODE_SIGN_STYLE = Automatic;
				CURRENT_PROJECT_VERSION = 1;
				GENERATE_INFOPLIST_FILE = YES;
				MARKETING_VERSION = 1.0;
				PRODUCT_BUNDLE_IDENTIFIER = com.FirstProject.NavigationControllerUITests;
				PRODUCT_NAME = "$(TARGET_NAME)";
				SWIFT_EMIT_LOC_STRINGS = NO;
				SWIFT_VERSION = 5.0;
				TARGETED_DEVICE_FAMILY = "1,2";
				TEST_TARGET_NAME = NavigationController;
			};
			name = Release;
		};
/* End XCBuildConfiguration section */

/* Begin XCConfigurationList section */
		EC933F8F29F6956900D1C753 /* Build configuration list for PBXProject "NavigationController" */ = {
			isa = XCConfigurationList;
			buildConfigurations = (
				EC933FBC29F6956B00D1C753 /* Debug */,
				EC933FBD29F6956B00D1C753 /* Release */,
			);
			defaultConfigurationIsVisible = 0;
			defaultConfigurationName = Release;
		};
		EC933FBE29F6956B00D1C753 /* Build configuration list for PBXNativeTarget "NavigationController" */ = {
			isa = XCConfigurationList;
			buildConfigurations = (
				EC933FBF29F6956B00D1C753 /* Debug */,
				EC933FC029F6956B00D1C753 /* Release */,
			);
			defaultConfigurationIsVisible = 0;
			defaultConfigurationName = Release;
		};
		EC933FC129F6956B00D1C753 /* Build configuration list for PBXNativeTarget "NavigationControllerTests" */ = {
			isa = XCConfigurationList;
			buildConfigurations = (
				EC933FC229F6956B00D1C753 /* Debug */,
				EC933FC329F6956B00D1C753 /* Release */,
			);
			defaultConfigurationIsVisible = 0;
			defaultConfigurationName = Release;
		};
		EC933FC429F6956B00D1C753 /* Build configuration list for PBXNativeTarget "NavigationControllerUITests" */ = {
			isa = XCConfigurationList;
			buildConfigurations = (
				EC933FC529F6956B00D1C753 /* Debug */,
				EC933FC629F6956B00D1C753 /* Release */,
			);
			defaultConfigurationIsVisible = 0;
			defaultConfigurationName = Release;
		};
/* End XCConfigurationList section */
	};
	rootObject = EC933F8C29F6956900D1C753 /* Project object */;
}
